// !$*UTF8*$!
{
	archiveVersion = 1;
	classes = {
	};
	objectVersion = 50;
	objects = {

/* Begin PBXBuildFile section */
		630CAD1B242B85A90020CF5B /* HelperTest Helper.app in Copy Login Items */ = {isa = PBXBuildFile; fileRef = 634B4C74242A61C20048B788 /* HelperTest Helper.app */; settings = {ATTRIBUTES = (RemoveHeadersOnCopy, ); }; };
		630CAD1E242B86AB0020CF5B /* RendezvousPoint.swift in Sources */ = {isa = PBXBuildFile; fileRef = 630CAD1D242B86AB0020CF5B /* RendezvousPoint.swift */; };
		630CAD1F242B86C60020CF5B /* RendezvousPoint.swift in Sources */ = {isa = PBXBuildFile; fileRef = 630CAD1D242B86AB0020CF5B /* RendezvousPoint.swift */; };
		630CAD25242B9CB60020CF5B /* AppProtocol.swift in Sources */ = {isa = PBXBuildFile; fileRef = 630CAD24242B9CB60020CF5B /* AppProtocol.swift */; };
		634B4C63242A33E40048B788 /* AppDelegate.swift in Sources */ = {isa = PBXBuildFile; fileRef = 634B4C62242A33E40048B788 /* AppDelegate.swift */; };
		634B4C65242A33E60048B788 /* Assets.xcassets in Resources */ = {isa = PBXBuildFile; fileRef = 634B4C64242A33E60048B788 /* Assets.xcassets */; };
		634B4C68242A33E60048B788 /* MainMenu.xib in Resources */ = {isa = PBXBuildFile; fileRef = 634B4C66242A33E60048B788 /* MainMenu.xib */; };
		634B4C77242A61C20048B788 /* AppDelegate.swift in Sources */ = {isa = PBXBuildFile; fileRef = 634B4C76242A61C20048B788 /* AppDelegate.swift */; };
		634B4C79242A61C60048B788 /* Assets.xcassets in Resources */ = {isa = PBXBuildFile; fileRef = 634B4C78242A61C60048B788 /* Assets.xcassets */; };
		634B4C7C242A61C60048B788 /* MainMenu.xib in Resources */ = {isa = PBXBuildFile; fileRef = 634B4C7A242A61C60048B788 /* MainMenu.xib */; };
		636CBB3C242C46020062CF9A /* AppDelegate.swift in Sources */ = {isa = PBXBuildFile; fileRef = 636CBB3B242C46020062CF9A /* AppDelegate.swift */; };
		636CBB3E242C46060062CF9A /* Assets.xcassets in Resources */ = {isa = PBXBuildFile; fileRef = 636CBB3D242C46060062CF9A /* Assets.xcassets */; };
		636CBB41242C46060062CF9A /* MainMenu.xib in Resources */ = {isa = PBXBuildFile; fileRef = 636CBB3F242C46060062CF9A /* MainMenu.xib */; };
		636CBB48242C46B60062CF9A /* HelperTest Service Provider.app in Copy Service Provider */ = {isa = PBXBuildFile; fileRef = 636CBB39242C46020062CF9A /* HelperTest Service Provider.app */; settings = {ATTRIBUTES = (RemoveHeadersOnCopy, ); }; };
		636CBB49242C494C0062CF9A /* RendezvousPoint.swift in Sources */ = {isa = PBXBuildFile; fileRef = 630CAD1D242B86AB0020CF5B /* RendezvousPoint.swift */; };
		636CBB4D242CDB940062CF9A /* AppProtocol.swift in Sources */ = {isa = PBXBuildFile; fileRef = 630CAD24242B9CB60020CF5B /* AppProtocol.swift */; };
/* End PBXBuildFile section */

/* Begin PBXContainerItemProxy section */
		63BD80E52430270E003B0BCF /* PBXContainerItemProxy */ = {
			isa = PBXContainerItemProxy;
			containerPortal = 634B4C57242A33E40048B788 /* Project object */;
			proxyType = 1;
			remoteGlobalIDString = 634B4C73242A61C20048B788;
			remoteInfo = "HelperTest Helper";
		};
		63BD80E72430270E003B0BCF /* PBXContainerItemProxy */ = {
			isa = PBXContainerItemProxy;
			containerPortal = 634B4C57242A33E40048B788 /* Project object */;
			proxyType = 1;
			remoteGlobalIDString = 636CBB38242C46020062CF9A;
			remoteInfo = "HelperTest Service Provider";
		};
/* End PBXContainerItemProxy section */

/* Begin PBXCopyFilesBuildPhase section */
		630CAD1A242B853A0020CF5B /* Copy Login Items */ = {
			isa = PBXCopyFilesBuildPhase;
			buildActionMask = 2147483647;
			dstPath = Contents/Library/LoginItems;
			dstSubfolderSpec = 1;
			files = (
				630CAD1B242B85A90020CF5B /* HelperTest Helper.app in Copy Login Items */,
			);
			name = "Copy Login Items";
			runOnlyForDeploymentPostprocessing = 0;
		};
		636CBB47242C46760062CF9A /* Copy Service Provider */ = {
			isa = PBXCopyFilesBuildPhase;
			buildActionMask = 2147483647;
			dstPath = Contents/Helpers;
			dstSubfolderSpec = 1;
			files = (
				636CBB48242C46B60062CF9A /* HelperTest Service Provider.app in Copy Service Provider */,
			);
			name = "Copy Service Provider";
			runOnlyForDeploymentPostprocessing = 0;
		};
/* End PBXCopyFilesBuildPhase section */

/* Begin PBXFileReference section */
		630CAD1D242B86AB0020CF5B /* RendezvousPoint.swift */ = {isa = PBXFileReference; lastKnownFileType = sourcecode.swift; path = RendezvousPoint.swift; sourceTree = "<group>"; };
		630CAD24242B9CB60020CF5B /* AppProtocol.swift */ = {isa = PBXFileReference; lastKnownFileType = sourcecode.swift; path = AppProtocol.swift; sourceTree = "<group>"; };
		6331A207243110B90042511F /* .gitignore */ = {isa = PBXFileReference; lastKnownFileType = text; path = .gitignore; sourceTree = "<group>"; };
		634B4C5F242A33E40048B788 /* HelperTest.app */ = {isa = PBXFileReference; explicitFileType = wrapper.application; includeInIndex = 0; path = HelperTest.app; sourceTree = BUILT_PRODUCTS_DIR; };
		634B4C62242A33E40048B788 /* AppDelegate.swift */ = {isa = PBXFileReference; lastKnownFileType = sourcecode.swift; path = AppDelegate.swift; sourceTree = "<group>"; };
		634B4C64242A33E60048B788 /* Assets.xcassets */ = {isa = PBXFileReference; lastKnownFileType = folder.assetcatalog; path = Assets.xcassets; sourceTree = "<group>"; };
		634B4C67242A33E60048B788 /* Base */ = {isa = PBXFileReference; lastKnownFileType = file.xib; name = Base; path = Base.lproj/MainMenu.xib; sourceTree = "<group>"; };
		634B4C69242A33E60048B788 /* Info.plist */ = {isa = PBXFileReference; lastKnownFileType = text.plist.xml; path = Info.plist; sourceTree = "<group>"; };
		634B4C6A242A33E60048B788 /* HelperTest.entitlements */ = {isa = PBXFileReference; lastKnownFileType = text.plist.entitlements; path = HelperTest.entitlements; sourceTree = "<group>"; };
		634B4C74242A61C20048B788 /* HelperTest Helper.app */ = {isa = PBXFileReference; explicitFileType = wrapper.application; includeInIndex = 0; path = "HelperTest Helper.app"; sourceTree = BUILT_PRODUCTS_DIR; };
		634B4C76242A61C20048B788 /* AppDelegate.swift */ = {isa = PBXFileReference; lastKnownFileType = sourcecode.swift; path = AppDelegate.swift; sourceTree = "<group>"; };
		634B4C78242A61C60048B788 /* Assets.xcassets */ = {isa = PBXFileReference; lastKnownFileType = folder.assetcatalog; path = Assets.xcassets; sourceTree = "<group>"; };
		634B4C7B242A61C60048B788 /* Base */ = {isa = PBXFileReference; lastKnownFileType = file.xib; name = Base; path = Base.lproj/MainMenu.xib; sourceTree = "<group>"; };
		634B4C7D242A61C60048B788 /* Info.plist */ = {isa = PBXFileReference; lastKnownFileType = text.plist.xml; path = Info.plist; sourceTree = "<group>"; };
		634B4C7E242A61C60048B788 /* HelperTest_Helper.entitlements */ = {isa = PBXFileReference; lastKnownFileType = text.plist.entitlements; path = HelperTest_Helper.entitlements; sourceTree = "<group>"; };
		636CBB39242C46020062CF9A /* HelperTest Service Provider.app */ = {isa = PBXFileReference; explicitFileType = wrapper.application; includeInIndex = 0; path = "HelperTest Service Provider.app"; sourceTree = BUILT_PRODUCTS_DIR; };
		636CBB3B242C46020062CF9A /* AppDelegate.swift */ = {isa = PBXFileReference; lastKnownFileType = sourcecode.swift; path = AppDelegate.swift; sourceTree = "<group>"; };
		636CBB3D242C46060062CF9A /* Assets.xcassets */ = {isa = PBXFileReference; lastKnownFileType = folder.assetcatalog; path = Assets.xcassets; sourceTree = "<group>"; };
		636CBB40242C46060062CF9A /* Base */ = {isa = PBXFileReference; lastKnownFileType = file.xib; name = Base; path = Base.lproj/MainMenu.xib; sourceTree = "<group>"; };
		636CBB42242C46060062CF9A /* Info.plist */ = {isa = PBXFileReference; lastKnownFileType = text.plist.xml; path = Info.plist; sourceTree = "<group>"; };
		636CBB43242C46060062CF9A /* HelperTest_Service_Provider.entitlements */ = {isa = PBXFileReference; lastKnownFileType = text.plist.entitlements; path = HelperTest_Service_Provider.entitlements; sourceTree = "<group>"; };
		63BD80E92430F8D8003B0BCF /* Config.xcconfig */ = {isa = PBXFileReference; lastKnownFileType = text.xcconfig; path = Config.xcconfig; sourceTree = "<group>"; };
/* End PBXFileReference section */

/* Begin PBXFrameworksBuildPhase section */
		634B4C5C242A33E40048B788 /* Frameworks */ = {
			isa = PBXFrameworksBuildPhase;
			buildActionMask = 2147483647;
			files = (
			);
			runOnlyForDeploymentPostprocessing = 0;
		};
		634B4C71242A61C20048B788 /* Frameworks */ = {
			isa = PBXFrameworksBuildPhase;
			buildActionMask = 2147483647;
			files = (
			);
			runOnlyForDeploymentPostprocessing = 0;
		};
		636CBB36242C46020062CF9A /* Frameworks */ = {
			isa = PBXFrameworksBuildPhase;
			buildActionMask = 2147483647;
			files = (
			);
			runOnlyForDeploymentPostprocessing = 0;
		};
/* End PBXFrameworksBuildPhase section */

/* Begin PBXGroup section */
		630CAD1C242B86910020CF5B /* Common */ = {
			isa = PBXGroup;
			children = (
				630CAD1D242B86AB0020CF5B /* RendezvousPoint.swift */,
				630CAD24242B9CB60020CF5B /* AppProtocol.swift */,
			);
			path = Common;
			sourceTree = "<group>";
		};
		634B4C56242A33E40048B788 = {
			isa = PBXGroup;
			children = (
				6331A207243110B90042511F /* .gitignore */,
				63BD80E92430F8D8003B0BCF /* Config.xcconfig */,
				630CAD1C242B86910020CF5B /* Common */,
				634B4C61242A33E40048B788 /* HelperTest */,
				634B4C75242A61C20048B788 /* HelperTest Helper */,
				636CBB3A242C46020062CF9A /* HelperTest Service Provider */,
				634B4C60242A33E40048B788 /* Products */,
			);
			sourceTree = "<group>";
		};
		634B4C60242A33E40048B788 /* Products */ = {
			isa = PBXGroup;
			children = (
				634B4C5F242A33E40048B788 /* HelperTest.app */,
				634B4C74242A61C20048B788 /* HelperTest Helper.app */,
				636CBB39242C46020062CF9A /* HelperTest Service Provider.app */,
			);
			name = Products;
			sourceTree = "<group>";
		};
		634B4C61242A33E40048B788 /* HelperTest */ = {
			isa = PBXGroup;
			children = (
				634B4C62242A33E40048B788 /* AppDelegate.swift */,
				634B4C64242A33E60048B788 /* Assets.xcassets */,
				634B4C66242A33E60048B788 /* MainMenu.xib */,
				634B4C69242A33E60048B788 /* Info.plist */,
				634B4C6A242A33E60048B788 /* HelperTest.entitlements */,
			);
			path = HelperTest;
			sourceTree = "<group>";
		};
		634B4C75242A61C20048B788 /* HelperTest Helper */ = {
			isa = PBXGroup;
			children = (
				634B4C76242A61C20048B788 /* AppDelegate.swift */,
				634B4C78242A61C60048B788 /* Assets.xcassets */,
				634B4C7A242A61C60048B788 /* MainMenu.xib */,
				634B4C7D242A61C60048B788 /* Info.plist */,
				634B4C7E242A61C60048B788 /* HelperTest_Helper.entitlements */,
			);
			path = "HelperTest Helper";
			sourceTree = "<group>";
		};
		636CBB3A242C46020062CF9A /* HelperTest Service Provider */ = {
			isa = PBXGroup;
			children = (
				636CBB3B242C46020062CF9A /* AppDelegate.swift */,
				636CBB3D242C46060062CF9A /* Assets.xcassets */,
				636CBB3F242C46060062CF9A /* MainMenu.xib */,
				636CBB42242C46060062CF9A /* Info.plist */,
				636CBB43242C46060062CF9A /* HelperTest_Service_Provider.entitlements */,
			);
			path = "HelperTest Service Provider";
			sourceTree = "<group>";
		};
/* End PBXGroup section */

/* Begin PBXNativeTarget section */
		634B4C5E242A33E40048B788 /* HelperTest */ = {
			isa = PBXNativeTarget;
			buildConfigurationList = 634B4C6D242A33E60048B788 /* Build configuration list for PBXNativeTarget "HelperTest" */;
			buildPhases = (
				634B4C5B242A33E40048B788 /* Sources */,
				634B4C5C242A33E40048B788 /* Frameworks */,
				634B4C5D242A33E40048B788 /* Resources */,
				630CAD1A242B853A0020CF5B /* Copy Login Items */,
				636CBB47242C46760062CF9A /* Copy Service Provider */,
			);
			buildRules = (
			);
			dependencies = (
				63BD80E62430270E003B0BCF /* PBXTargetDependency */,
				63BD80E82430270E003B0BCF /* PBXTargetDependency */,
			);
			name = HelperTest;
			productName = HelperTest;
			productReference = 634B4C5F242A33E40048B788 /* HelperTest.app */;
			productType = "com.apple.product-type.application";
		};
		634B4C73242A61C20048B788 /* HelperTest Helper */ = {
			isa = PBXNativeTarget;
			buildConfigurationList = 634B4C7F242A61C60048B788 /* Build configuration list for PBXNativeTarget "HelperTest Helper" */;
			buildPhases = (
				634B4C70242A61C20048B788 /* Sources */,
				634B4C71242A61C20048B788 /* Frameworks */,
				634B4C72242A61C20048B788 /* Resources */,
			);
			buildRules = (
			);
			dependencies = (
			);
			name = "HelperTest Helper";
			productName = "HelperTest Helper";
			productReference = 634B4C74242A61C20048B788 /* HelperTest Helper.app */;
			productType = "com.apple.product-type.application";
		};
		636CBB38242C46020062CF9A /* HelperTest Service Provider */ = {
			isa = PBXNativeTarget;
			buildConfigurationList = 636CBB46242C46060062CF9A /* Build configuration list for PBXNativeTarget "HelperTest Service Provider" */;
			buildPhases = (
				636CBB35242C46020062CF9A /* Sources */,
				636CBB36242C46020062CF9A /* Frameworks */,
				636CBB37242C46020062CF9A /* Resources */,
			);
			buildRules = (
			);
			dependencies = (
			);
			name = "HelperTest Service Provider";
			productName = "HelperTest Service Provider";
			productReference = 636CBB39242C46020062CF9A /* HelperTest Service Provider.app */;
			productType = "com.apple.product-type.application";
		};
/* End PBXNativeTarget section */

/* Begin PBXProject section */
		634B4C57242A33E40048B788 /* Project object */ = {
			isa = PBXProject;
			attributes = {
				LastSwiftUpdateCheck = 1140;
				LastUpgradeCheck = 1140;
				ORGANIZATIONNAME = "David Albert";
				TargetAttributes = {
					634B4C5E242A33E40048B788 = {
						CreatedOnToolsVersion = 11.3.1;
					};
					634B4C73242A61C20048B788 = {
						CreatedOnToolsVersion = 11.3.1;
					};
					636CBB38242C46020062CF9A = {
						CreatedOnToolsVersion = 11.4;
					};
				};
			};
			buildConfigurationList = 634B4C5A242A33E40048B788 /* Build configuration list for PBXProject "HelperTest" */;
			compatibilityVersion = "Xcode 9.3";
			developmentRegion = en;
			hasScannedForEncodings = 0;
			knownRegions = (
				en,
				Base,
			);
			mainGroup = 634B4C56242A33E40048B788;
			productRefGroup = 634B4C60242A33E40048B788 /* Products */;
			projectDirPath = "";
			projectRoot = "";
			targets = (
				634B4C5E242A33E40048B788 /* HelperTest */,
				634B4C73242A61C20048B788 /* HelperTest Helper */,
				636CBB38242C46020062CF9A /* HelperTest Service Provider */,
			);
		};
/* End PBXProject section */

/* Begin PBXResourcesBuildPhase section */
		634B4C5D242A33E40048B788 /* Resources */ = {
			isa = PBXResourcesBuildPhase;
			buildActionMask = 2147483647;
			files = (
				634B4C65242A33E60048B788 /* Assets.xcassets in Resources */,
				634B4C68242A33E60048B788 /* MainMenu.xib in Resources */,
			);
			runOnlyForDeploymentPostprocessing = 0;
		};
		634B4C72242A61C20048B788 /* Resources */ = {
			isa = PBXResourcesBuildPhase;
			buildActionMask = 2147483647;
			files = (
				634B4C79242A61C60048B788 /* Assets.xcassets in Resources */,
				634B4C7C242A61C60048B788 /* MainMenu.xib in Resources */,
			);
			runOnlyForDeploymentPostprocessing = 0;
		};
		636CBB37242C46020062CF9A /* Resources */ = {
			isa = PBXResourcesBuildPhase;
			buildActionMask = 2147483647;
			files = (
				636CBB3E242C46060062CF9A /* Assets.xcassets in Resources */,
				636CBB41242C46060062CF9A /* MainMenu.xib in Resources */,
			);
			runOnlyForDeploymentPostprocessing = 0;
		};
/* End PBXResourcesBuildPhase section */

/* Begin PBXSourcesBuildPhase section */
		634B4C5B242A33E40048B788 /* Sources */ = {
			isa = PBXSourcesBuildPhase;
			buildActionMask = 2147483647;
			files = (
				630CAD25242B9CB60020CF5B /* AppProtocol.swift in Sources */,
				634B4C63242A33E40048B788 /* AppDelegate.swift in Sources */,
				630CAD1E242B86AB0020CF5B /* RendezvousPoint.swift in Sources */,
			);
			runOnlyForDeploymentPostprocessing = 0;
		};
		634B4C70242A61C20048B788 /* Sources */ = {
			isa = PBXSourcesBuildPhase;
			buildActionMask = 2147483647;
			files = (
				634B4C77242A61C20048B788 /* AppDelegate.swift in Sources */,
				630CAD1F242B86C60020CF5B /* RendezvousPoint.swift in Sources */,
			);
			runOnlyForDeploymentPostprocessing = 0;
		};
		636CBB35242C46020062CF9A /* Sources */ = {
			isa = PBXSourcesBuildPhase;
			buildActionMask = 2147483647;
			files = (
				636CBB3C242C46020062CF9A /* AppDelegate.swift in Sources */,
				636CBB49242C494C0062CF9A /* RendezvousPoint.swift in Sources */,
				636CBB4D242CDB940062CF9A /* AppProtocol.swift in Sources */,
			);
			runOnlyForDeploymentPostprocessing = 0;
		};
/* End PBXSourcesBuildPhase section */

/* Begin PBXTargetDependency section */
		63BD80E62430270E003B0BCF /* PBXTargetDependency */ = {
			isa = PBXTargetDependency;
			target = 634B4C73242A61C20048B788 /* HelperTest Helper */;
			targetProxy = 63BD80E52430270E003B0BCF /* PBXContainerItemProxy */;
		};
		63BD80E82430270E003B0BCF /* PBXTargetDependency */ = {
			isa = PBXTargetDependency;
			target = 636CBB38242C46020062CF9A /* HelperTest Service Provider */;
			targetProxy = 63BD80E72430270E003B0BCF /* PBXContainerItemProxy */;
		};
/* End PBXTargetDependency section */

/* Begin PBXVariantGroup section */
		634B4C66242A33E60048B788 /* MainMenu.xib */ = {
			isa = PBXVariantGroup;
			children = (
				634B4C67242A33E60048B788 /* Base */,
			);
			name = MainMenu.xib;
			sourceTree = "<group>";
		};
		634B4C7A242A61C60048B788 /* MainMenu.xib */ = {
			isa = PBXVariantGroup;
			children = (
				634B4C7B242A61C60048B788 /* Base */,
			);
			name = MainMenu.xib;
			sourceTree = "<group>";
		};
		636CBB3F242C46060062CF9A /* MainMenu.xib */ = {
			isa = PBXVariantGroup;
			children = (
				636CBB40242C46060062CF9A /* Base */,
			);
			name = MainMenu.xib;
			sourceTree = "<group>";
		};
/* End PBXVariantGroup section */

/* Begin XCBuildConfiguration section */
		634B4C6B242A33E60048B788 /* Debug */ = {
			isa = XCBuildConfiguration;
			baseConfigurationReference = 63BD80E92430F8D8003B0BCF /* Config.xcconfig */;
			buildSettings = {
				ALWAYS_SEARCH_USER_PATHS = NO;
				CLANG_ANALYZER_NONNULL = YES;
				CLANG_ANALYZER_NUMBER_OBJECT_CONVERSION = YES_AGGRESSIVE;
				CLANG_CXX_LANGUAGE_STANDARD = "gnu++14";
				CLANG_CXX_LIBRARY = "libc++";
				CLANG_ENABLE_MODULES = YES;
				CLANG_ENABLE_OBJC_ARC = YES;
				CLANG_ENABLE_OBJC_WEAK = YES;
				CLANG_WARN_BLOCK_CAPTURE_AUTORELEASING = YES;
				CLANG_WARN_BOOL_CONVERSION = YES;
				CLANG_WARN_COMMA = YES;
				CLANG_WARN_CONSTANT_CONVERSION = YES;
				CLANG_WARN_DEPRECATED_OBJC_IMPLEMENTATIONS = YES;
				CLANG_WARN_DIRECT_OBJC_ISA_USAGE = YES_ERROR;
				CLANG_WARN_DOCUMENTATION_COMMENTS = YES;
				CLANG_WARN_EMPTY_BODY = YES;
				CLANG_WARN_ENUM_CONVERSION = YES;
				CLANG_WARN_INFINITE_RECURSION = YES;
				CLANG_WARN_INT_CONVERSION = YES;
				CLANG_WARN_NON_LITERAL_NULL_CONVERSION = YES;
				CLANG_WARN_OBJC_IMPLICIT_RETAIN_SELF = YES;
				CLANG_WARN_OBJC_LITERAL_CONVERSION = YES;
				CLANG_WARN_OBJC_ROOT_CLASS = YES_ERROR;
				CLANG_WARN_RANGE_LOOP_ANALYSIS = YES;
				CLANG_WARN_STRICT_PROTOTYPES = YES;
				CLANG_WARN_SUSPICIOUS_MOVE = YES;
				CLANG_WARN_UNGUARDED_AVAILABILITY = YES_AGGRESSIVE;
				CLANG_WARN_UNREACHABLE_CODE = YES;
				CLANG_WARN__DUPLICATE_METHOD_MATCH = YES;
				COPY_PHASE_STRIP = NO;
				DEBUG_INFORMATION_FORMAT = dwarf;
				ENABLE_STRICT_OBJC_MSGSEND = YES;
				ENABLE_TESTABILITY = YES;
				GCC_C_LANGUAGE_STANDARD = gnu11;
				GCC_DYNAMIC_NO_PIC = NO;
				GCC_NO_COMMON_BLOCKS = YES;
				GCC_OPTIMIZATION_LEVEL = 0;
				GCC_PREPROCESSOR_DEFINITIONS = (
					"DEBUG=1",
					"$(inherited)",
				);
				GCC_WARN_64_TO_32_BIT_CONVERSION = YES;
				GCC_WARN_ABOUT_RETURN_TYPE = YES_ERROR;
				GCC_WARN_UNDECLARED_SELECTOR = YES;
				GCC_WARN_UNINITIALIZED_AUTOS = YES_AGGRESSIVE;
				GCC_WARN_UNUSED_FUNCTION = YES;
				GCC_WARN_UNUSED_VARIABLE = YES;
				MACOSX_DEPLOYMENT_TARGET = 10.15;
				MTL_ENABLE_DEBUG_INFO = INCLUDE_SOURCE;
				MTL_FAST_MATH = YES;
				ONLY_ACTIVE_ARCH = YES;
				SDKROOT = macosx;
				SWIFT_ACTIVE_COMPILATION_CONDITIONS = DEBUG;
				SWIFT_OPTIMIZATION_LEVEL = "-Onone";
			};
			name = Debug;
		};
		634B4C6C242A33E60048B788 /* Release */ = {
			isa = XCBuildConfiguration;
			baseConfigurationReference = 63BD80E92430F8D8003B0BCF /* Config.xcconfig */;
			buildSettings = {
				ALWAYS_SEARCH_USER_PATHS = NO;
				CLANG_ANALYZER_NONNULL = YES;
				CLANG_ANALYZER_NUMBER_OBJECT_CONVERSION = YES_AGGRESSIVE;
				CLANG_CXX_LANGUAGE_STANDARD = "gnu++14";
				CLANG_CXX_LIBRARY = "libc++";
				CLANG_ENABLE_MODULES = YES;
				CLANG_ENABLE_OBJC_ARC = YES;
				CLANG_ENABLE_OBJC_WEAK = YES;
				CLANG_WARN_BLOCK_CAPTURE_AUTORELEASING = YES;
				CLANG_WARN_BOOL_CONVERSION = YES;
				CLANG_WARN_COMMA = YES;
				CLANG_WARN_CONSTANT_CONVERSION = YES;
				CLANG_WARN_DEPRECATED_OBJC_IMPLEMENTATIONS = YES;
				CLANG_WARN_DIRECT_OBJC_ISA_USAGE = YES_ERROR;
				CLANG_WARN_DOCUMENTATION_COMMENTS = YES;
				CLANG_WARN_EMPTY_BODY = YES;
				CLANG_WARN_ENUM_CONVERSION = YES;
				CLANG_WARN_INFINITE_RECURSION = YES;
				CLANG_WARN_INT_CONVERSION = YES;
				CLANG_WARN_NON_LITERAL_NULL_CONVERSION = YES;
				CLANG_WARN_OBJC_IMPLICIT_RETAIN_SELF = YES;
				CLANG_WARN_OBJC_LITERAL_CONVERSION = YES;
				CLANG_WARN_OBJC_ROOT_CLASS = YES_ERROR;
				CLANG_WARN_RANGE_LOOP_ANALYSIS = YES;
				CLANG_WARN_STRICT_PROTOTYPES = YES;
				CLANG_WARN_SUSPICIOUS_MOVE = YES;
				CLANG_WARN_UNGUARDED_AVAILABILITY = YES_AGGRESSIVE;
				CLANG_WARN_UNREACHABLE_CODE = YES;
				CLANG_WARN__DUPLICATE_METHOD_MATCH = YES;
				COPY_PHASE_STRIP = NO;
				DEBUG_INFORMATION_FORMAT = "dwarf-with-dsym";
				ENABLE_NS_ASSERTIONS = NO;
				ENABLE_STRICT_OBJC_MSGSEND = YES;
				GCC_C_LANGUAGE_STANDARD = gnu11;
				GCC_NO_COMMON_BLOCKS = YES;
				GCC_WARN_64_TO_32_BIT_CONVERSION = YES;
				GCC_WARN_ABOUT_RETURN_TYPE = YES_ERROR;
				GCC_WARN_UNDECLARED_SELECTOR = YES;
				GCC_WARN_UNINITIALIZED_AUTOS = YES_AGGRESSIVE;
				GCC_WARN_UNUSED_FUNCTION = YES;
				GCC_WARN_UNUSED_VARIABLE = YES;
				MACOSX_DEPLOYMENT_TARGET = 10.15;
				MTL_ENABLE_DEBUG_INFO = NO;
				MTL_FAST_MATH = YES;
				SDKROOT = macosx;
				SWIFT_COMPILATION_MODE = wholemodule;
				SWIFT_OPTIMIZATION_LEVEL = "-O";
			};
			name = Release;
		};
		634B4C6E242A33E60048B788 /* Debug */ = {
			isa = XCBuildConfiguration;
			buildSettings = {
				ASSETCATALOG_COMPILER_APPICON_NAME = AppIcon;
				CODE_SIGN_ENTITLEMENTS = HelperTest/HelperTest.entitlements;
				CODE_SIGN_IDENTITY = "Apple Development";
				CODE_SIGN_STYLE = Automatic;
				COMBINE_HIDPI_IMAGES = YES;
				DEVELOPMENT_TEAM = 9K689XE65M;
				ENABLE_HARDENED_RUNTIME = YES;
				INFOPLIST_FILE = HelperTest/Info.plist;
				LD_RUNPATH_SEARCH_PATHS = (
					"$(inherited)",
					"@executable_path/../Frameworks",
				);
				PRODUCT_BUNDLE_IDENTIFIER = is.dave.HelperTest;
				PRODUCT_NAME = "$(TARGET_NAME)";
				SWIFT_VERSION = 5.0;
			};
			name = Debug;
		};
		634B4C6F242A33E60048B788 /* Release */ = {
			isa = XCBuildConfiguration;
			buildSettings = {
				ASSETCATALOG_COMPILER_APPICON_NAME = AppIcon;
				CODE_SIGN_ENTITLEMENTS = HelperTest/HelperTest.entitlements;
				CODE_SIGN_IDENTITY = "Apple Development";
				CODE_SIGN_STYLE = Automatic;
				COMBINE_HIDPI_IMAGES = YES;
				DEVELOPMENT_TEAM = 9K689XE65M;
				ENABLE_HARDENED_RUNTIME = YES;
				INFOPLIST_FILE = HelperTest/Info.plist;
				LD_RUNPATH_SEARCH_PATHS = (
					"$(inherited)",
					"@executable_path/../Frameworks",
				);
				PRODUCT_BUNDLE_IDENTIFIER = is.dave.HelperTest;
				PRODUCT_NAME = "$(TARGET_NAME)";
				SWIFT_VERSION = 5.0;
			};
			name = Release;
		};
		634B4C80242A61C60048B788 /* Debug */ = {
			isa = XCBuildConfiguration;
			buildSettings = {
				ASSETCATALOG_COMPILER_APPICON_NAME = AppIcon;
				CODE_SIGN_ENTITLEMENTS = "HelperTest Helper/HelperTest_Helper.entitlements";
				CODE_SIGN_IDENTITY = "Apple Development";
				CODE_SIGN_STYLE = Automatic;
				COMBINE_HIDPI_IMAGES = YES;
				DEVELOPMENT_TEAM = 9K689XE65M;
				ENABLE_HARDENED_RUNTIME = YES;
				INFOPLIST_FILE = "HelperTest Helper/Info.plist";
				LD_RUNPATH_SEARCH_PATHS = (
					"$(inherited)",
					"@executable_path/../Frameworks",
				);
				PRODUCT_BUNDLE_IDENTIFIER = "is.dave.HelperTest-Helper";
				PRODUCT_NAME = "$(TARGET_NAME)";
				SWIFT_VERSION = 5.0;
			};
			name = Debug;
		};
		634B4C81242A61C60048B788 /* Release */ = {
			isa = XCBuildConfiguration;
			buildSettings = {
				ASSETCATALOG_COMPILER_APPICON_NAME = AppIcon;
				CODE_SIGN_ENTITLEMENTS = "HelperTest Helper/HelperTest_Helper.entitlements";
				CODE_SIGN_IDENTITY = "Apple Development";
				CODE_SIGN_STYLE = Automatic;
				COMBINE_HIDPI_IMAGES = YES;
				DEVELOPMENT_TEAM = 9K689XE65M;
				ENABLE_HARDENED_RUNTIME = YES;
				INFOPLIST_FILE = "HelperTest Helper/Info.plist";
				LD_RUNPATH_SEARCH_PATHS = (
					"$(inherited)",
					"@executable_path/../Frameworks",
				);
				PRODUCT_BUNDLE_IDENTIFIER = "is.dave.HelperTest-Helper";
				PRODUCT_NAME = "$(TARGET_NAME)";
				SWIFT_VERSION = 5.0;
			};
			name = Release;
		};
		636CBB44242C46060062CF9A /* Debug */ = {
			isa = XCBuildConfiguration;
			buildSettings = {
				ASSETCATALOG_COMPILER_APPICON_NAME = AppIcon;
				CODE_SIGN_ENTITLEMENTS = "HelperTest Service Provider/HelperTest_Service_Provider.entitlements";
				CODE_SIGN_IDENTITY = "Apple Development";
				CODE_SIGN_STYLE = Automatic;
				COMBINE_HIDPI_IMAGES = YES;
				DEVELOPMENT_TEAM = 9K689XE65M;
				ENABLE_HARDENED_RUNTIME = YES;
				INFOPLIST_FILE = "HelperTest Service Provider/Info.plist";
				LD_RUNPATH_SEARCH_PATHS = (
					"$(inherited)",
					"@executable_path/../Frameworks",
				);
				PRODUCT_BUNDLE_IDENTIFIER = "is.dave.HelperTest-Service-Provider";
				PRODUCT_NAME = "$(TARGET_NAME)";
				SWIFT_VERSION = 5.0;
			};
			name = Debug;
		};
		636CBB45242C46060062CF9A /* Release */ = {
			isa = XCBuildConfiguration;
			buildSettings = {
				ASSETCATALOG_COMPILER_APPICON_NAME = AppIcon;
				CODE_SIGN_ENTITLEMENTS = "HelperTest Service Provider/HelperTest_Service_Provider.entitlements";
				CODE_SIGN_IDENTITY = "Apple Development";
				CODE_SIGN_STYLE = Automatic;
				COMBINE_HIDPI_IMAGES = YES;
				DEVELOPMENT_TEAM = 9K689XE65M;
				ENABLE_HARDENED_RUNTIME = YES;
				INFOPLIST_FILE = "HelperTest Service Provider/Info.plist";
				LD_RUNPATH_SEARCH_PATHS = (
					"$(inherited)",
					"@executable_path/../Frameworks",
				);
				PRODUCT_BUNDLE_IDENTIFIER = "is.dave.HelperTest-Service-Provider";
				PRODUCT_NAME = "$(TARGET_NAME)";
				SWIFT_VERSION = 5.0;
			};
			name = Release;
		};
/* End XCBuildConfiguration section */

/* Begin XCConfigurationList section */
		634B4C5A242A33E40048B788 /* Build configuration list for PBXProject "HelperTest" */ = {
			isa = XCConfigurationList;
			buildConfigurations = (
				634B4C6B242A33E60048B788 /* Debug */,
				634B4C6C242A33E60048B788 /* Release */,
			);
			defaultConfigurationIsVisible = 0;
			defaultConfigurationName = Release;
		};
		634B4C6D242A33E60048B788 /* Build configuration list for PBXNativeTarget "HelperTest" */ = {
			isa = XCConfigurationList;
			buildConfigurations = (
				634B4C6E242A33E60048B788 /* Debug */,
				634B4C6F242A33E60048B788 /* Release */,
			);
			defaultConfigurationIsVisible = 0;
			defaultConfigurationName = Release;
		};
		634B4C7F242A61C60048B788 /* Build configuration list for PBXNativeTarget "HelperTest Helper" */ = {
			isa = XCConfigurationList;
			buildConfigurations = (
				634B4C80242A61C60048B788 /* Debug */,
				634B4C81242A61C60048B788 /* Release */,
			);
			defaultConfigurationIsVisible = 0;
			defaultConfigurationName = Release;
		};
		636CBB46242C46060062CF9A /* Build configuration list for PBXNativeTarget "HelperTest Service Provider" */ = {
			isa = XCConfigurationList;
			buildConfigurations = (
				636CBB44242C46060062CF9A /* Debug */,
				636CBB45242C46060062CF9A /* Release */,
			);
			defaultConfigurationIsVisible = 0;
			defaultConfigurationName = Release;
		};
/* End XCConfigurationList section */
	};
	rootObject = 634B4C57242A33E40048B788 /* Project object */;
}
